# THIS IS AN AUTOGENERATED FILE. DO NOT EDIT THIS FILE DIRECTLY.
# yarn lockfile v1


"@playwright/test@^1.26.1":
  version "1.26.1"
  resolved "https://registry.yarnpkg.com/@playwright/test/-/test-1.26.1.tgz#73ada4e70f618bca69ba7509c4ba65b5a41c4b10"
  integrity sha512-bNxyZASVt2adSZ9gbD7NCydzcb5JaI0OR9hc7s+nmPeH604gwp0zp17NNpwXY4c8nvuBGQQ9oGDx72LE+cUWvw==
  dependencies:
    "@types/node" "*"
    playwright-core "1.26.1"

"@types/node@*":
  version "18.8.0"
  resolved "https://registry.yarnpkg.com/@types/node/-/node-18.8.0.tgz#b8ee8d83a99470c0661bd899417fcd77060682fe"
  integrity sha512-u+h43R6U8xXDt2vzUaVP3VwjjLyOJk6uEciZS8OSyziUQGOwmk+l+4drxcsDboHXwyTaqS1INebghmWMRxq3LA==

playwright-core@1.26.1:
  version "1.26.1"
  resolved "https://registry.yarnpkg.com/playwright-core/-/playwright-core-1.26.1.tgz#a162f476488312dcf12638d97685144de6ada512"
  integrity sha512-hzFchhhxnEiPc4qVPs9q2ZR+5eKNifY2hQDHtg1HnTTUuphYCBP8ZRb2si+B1TR7BHirgXaPi48LIye5SgrLAA==
